
Microsoft Visual Studio Solution File, Format Version 12.00
# Visual Studio Version 16
VisualStudioVersion = 16.0.31529.145
MinimumVisualStudioVersion = 10.0.40219.1
Project("{FAE04EC0-301F-11D3-BF4B-00C04F79EFBC}") = "DemodotNet2", "DemodotNet2.csproj", "{90A3D95A-25AC-483F-8AB0-B54669649B92}"
EndProject
Global
	GlobalSection(SolutionConfigurationPlatforms) = preSolution
		Debug|Any CPU = Debug|Any CPU
		Release|Any CPU = Release|Any CPU
	EndGlobalSection
	GlobalSection(ProjectConfigurationPlatforms) = postSolution
		{90A3D95A-25AC-483F-8AB0-B54669649B92}.Debug|Any CPU.ActiveCfg = Debug|Any CPU
		{90A3D95A-25AC-483F-8AB0-B54669649B92}.Debug|Any CPU.Build.0 = Debug|Any CPU
		{90A3D95A-25AC-483F-8AB0-B54669649B92}.Release|Any CPU.ActiveCfg = Release|Any CPU
		{90A3D95A-25AC-483F-8AB0-B54669649B92}.Release|Any CPU.Build.0 = Release|Any CPU
	EndGlobalSection
	GlobalSection(SolutionProperties) = preSolution
		HideSolutionNode = FALSE
	EndGlobalSection
	GlobalSection(ExtensibilityGlobals) = postSolution
		SolutionGuid = {F01207C8-08C4-4C89-8A5A-27E824ACB636}
	EndGlobalSection
EndGlobal
